// !$*UTF8*$!
{
	archiveVersion = 1;
	classes = {
	};
	objectVersion = 46;
	objects = {

/* Begin PBXBuildFile section */
		D38812C71CE6565800D702BA /* AccessoryViewController.swift in Sources */ = {isa = PBXBuildFile; fileRef = D38812C61CE6565800D702BA /* AccessoryViewController.swift */; };
		D38812C91CE6566900D702BA /* ConfigurationViewController.swift in Sources */ = {isa = PBXBuildFile; fileRef = D38812C81CE6566900D702BA /* ConfigurationViewController.swift */; };
		D38812CB1CE667F900D702BA /* DetectionTableViewController.swift in Sources */ = {isa = PBXBuildFile; fileRef = D38812CA1CE667F900D702BA /* DetectionTableViewController.swift */; };
		D3DAC1801CE2810700D8B6F5 /* AppDelegate.swift in Sources */ = {isa = PBXBuildFile; fileRef = D3DAC17F1CE2810700D8B6F5 /* AppDelegate.swift */; };
		D3DAC1851CE2810700D8B6F5 /* Main.storyboard in Resources */ = {isa = PBXBuildFile; fileRef = D3DAC1831CE2810700D8B6F5 /* Main.storyboard */; };
		D3DAC1871CE2810700D8B6F5 /* Assets.xcassets in Resources */ = {isa = PBXBuildFile; fileRef = D3DAC1861CE2810700D8B6F5 /* Assets.xcassets */; };
		D3DAC18A1CE2810700D8B6F5 /* LaunchScreen.storyboard in Resources */ = {isa = PBXBuildFile; fileRef = D3DAC1881CE2810700D8B6F5 /* LaunchScreen.storyboard */; };
		D3DAC19A1CE2822300D8B6F5 /* SessionController.swift in Sources */ = {isa = PBXBuildFile; fileRef = D3DAC1991CE2822300D8B6F5 /* SessionController.swift */; };
/* End PBXBuildFile section */

/* Begin PBXFileReference section */
		D38812C61CE6565800D702BA /* AccessoryViewController.swift */ = {isa = PBXFileReference; fileEncoding = 4; lastKnownFileType = sourcecode.swift; path = AccessoryViewController.swift; sourceTree = "<group>"; };
		D38812C81CE6566900D702BA /* ConfigurationViewController.swift */ = {isa = PBXFileReference; fileEncoding = 4; lastKnownFileType = sourcecode.swift; path = ConfigurationViewController.swift; sourceTree = "<group>"; };
		D38812CA1CE667F900D702BA /* DetectionTableViewController.swift */ = {isa = PBXFileReference; fileEncoding = 4; lastKnownFileType = sourcecode.swift; path = DetectionTableViewController.swift; sourceTree = "<group>"; };
		D3DAC17C1CE2810700D8B6F5 /* GPS Sample.app */ = {isa = PBXFileReference; explicitFileType = wrapper.application; includeInIndex = 0; path = "GPS Sample.app"; sourceTree = BUILT_PRODUCTS_DIR; };
		D3DAC17F1CE2810700D8B6F5 /* AppDelegate.swift */ = {isa = PBXFileReference; lastKnownFileType = sourcecode.swift; path = AppDelegate.swift; sourceTree = "<group>"; };
		D3DAC1841CE2810700D8B6F5 /* Base */ = {isa = PBXFileReference; lastKnownFileType = file.storyboard; name = Base; path = Base.lproj/Main.storyboard; sourceTree = "<group>"; };
		D3DAC1861CE2810700D8B6F5 /* Assets.xcassets */ = {isa = PBXFileReference; lastKnownFileType = folder.assetcatalog; path = Assets.xcassets; sourceTree = "<group>"; };
		D3DAC1891CE2810700D8B6F5 /* Base */ = {isa = PBXFileReference; lastKnownFileType = file.storyboard; name = Base; path = Base.lproj/LaunchScreen.storyboard; sourceTree = "<group>"; };
		D3DAC18B1CE2810700D8B6F5 /* Info.plist */ = {isa = PBXFileReference; lastKnownFileType = text.plist.xml; path = Info.plist; sourceTree = "<group>"; };
		D3DAC1991CE2822300D8B6F5 /* SessionController.swift */ = {isa = PBXFileReference; fileEncoding = 4; lastKnownFileType = sourcecode.swift; path = SessionController.swift; sourceTree = "<group>"; };
/* End PBXFileReference section */

/* Begin PBXFrameworksBuildPhase section */
		D3DAC1791CE2810700D8B6F5 /* Frameworks */ = {
			isa = PBXFrameworksBuildPhase;
			buildActionMask = 2147483647;
			files = (
			);
			runOnlyForDeploymentPostprocessing = 0;
		};
/* End PBXFrameworksBuildPhase section */

/* Begin PBXGroup section */
		D3DAC1731CE2810700D8B6F5 = {
			isa = PBXGroup;
			children = (
				D3DAC17E1CE2810700D8B6F5 /* GPS Sample */,
				D3DAC17D1CE2810700D8B6F5 /* Products */,
			);
			sourceTree = "<group>";
		};
		D3DAC17D1CE2810700D8B6F5 /* Products */ = {
			isa = PBXGroup;
			children = (
				D3DAC17C1CE2810700D8B6F5 /* GPS Sample.app */,
			);
			name = Products;
			sourceTree = "<group>";
		};
		D3DAC17E1CE2810700D8B6F5 /* GPS Sample */ = {
			isa = PBXGroup;
			children = (
				D3DAC1971CE2820600D8B6F5 /* Controllers */,
				D3DAC1981CE2820600D8B6F5 /* Views */,
				D3DAC17F1CE2810700D8B6F5 /* AppDelegate.swift */,
				D3DAC1831CE2810700D8B6F5 /* Main.storyboard */,
				D3DAC1861CE2810700D8B6F5 /* Assets.xcassets */,
				D3DAC1881CE2810700D8B6F5 /* LaunchScreen.storyboard */,
				D3DAC18B1CE2810700D8B6F5 /* Info.plist */,
			);
			path = "GPS Sample";
			sourceTree = "<group>";
		};
		D3DAC1971CE2820600D8B6F5 /* Controllers */ = {
			isa = PBXGroup;
			children = (
				D3DAC1991CE2822300D8B6F5 /* SessionController.swift */,
			);
			path = Controllers;
			sourceTree = "<group>";
		};
		D3DAC1981CE2820600D8B6F5 /* Views */ = {
			isa = PBXGroup;
			children = (
				D38812CA1CE667F900D702BA /* DetectionTableViewController.swift */,
				D38812C81CE6566900D702BA /* ConfigurationViewController.swift */,
				D38812C61CE6565800D702BA /* AccessoryViewController.swift */,
			);
			path = Views;
			sourceTree = "<group>";
		};
/* End PBXGroup section */

/* Begin PBXNativeTarget section */
		D3DAC17B1CE2810700D8B6F5 /* GPS Sample */ = {
			isa = PBXNativeTarget;
			buildConfigurationList = D3DAC18E1CE2810700D8B6F5 /* Build configuration list for PBXNativeTarget "GPS Sample" */;
			buildPhases = (
				D3DAC1781CE2810700D8B6F5 /* Sources */,
				D3DAC1791CE2810700D8B6F5 /* Frameworks */,
				D3DAC17A1CE2810700D8B6F5 /* Resources */,
			);
			buildRules = (
			);
			dependencies = (
			);
			name = "GPS Sample";
			productName = "GPS Sample";
			productReference = D3DAC17C1CE2810700D8B6F5 /* GPS Sample.app */;
			productType = "com.apple.product-type.application";
		};
/* End PBXNativeTarget section */

/* Begin PBXProject section */
		D3DAC1741CE2810700D8B6F5 /* Project object */ = {
			isa = PBXProject;
			attributes = {
				LastSwiftUpdateCheck = 0730;
				LastUpgradeCheck = 0730;
				ORGANIZATIONNAME = "Bad Elf, LLC";
				TargetAttributes = {
					D3DAC17B1CE2810700D8B6F5 = {
						CreatedOnToolsVersion = 7.3.1;
						DevelopmentTeam = 272P69D2XF;
						DevelopmentTeamName = "Bad Elf, LLC";
					};
				};
			};
			buildConfigurationList = D3DAC1771CE2810700D8B6F5 /* Build configuration list for PBXProject "GPS Sample" */;
			compatibilityVersion = "Xcode 3.2";
			developmentRegion = English;
			hasScannedForEncodings = 0;
			knownRegions = (
				en,
				Base,
			);
			mainGroup = D3DAC1731CE2810700D8B6F5;
			productRefGroup = D3DAC17D1CE2810700D8B6F5 /* Products */;
			projectDirPath = "";
			projectRoot = "";
			targets = (
				D3DAC17B1CE2810700D8B6F5 /* GPS Sample */,
			);
		};
/* End PBXProject section */

/* Begin PBXResourcesBuildPhase section */
		D3DAC17A1CE2810700D8B6F5 /* Resources */ = {
			isa = PBXResourcesBuildPhase;
			buildActionMask = 2147483647;
			files = (
				D3DAC18A1CE2810700D8B6F5 /* LaunchScreen.storyboard in Resources */,
				D3DAC1871CE2810700D8B6F5 /* Assets.xcassets in Resources */,
				D3DAC1851CE2810700D8B6F5 /* Main.storyboard in Resources */,
			);
			runOnlyForDeploymentPostprocessing = 0;
		};
/* End PBXResourcesBuildPhase section */

/* Begin PBXSourcesBuildPhase section */
		D3DAC1781CE2810700D8B6F5 /* Sources */ = {
			isa = PBXSourcesBuildPhase;
			buildActionMask = 2147483647;
			files = (
				D3DAC19A1CE2822300D8B6F5 /* SessionController.swift in Sources */,
				D38812C91CE6566900D702BA /* ConfigurationViewController.swift in Sources */,
				D3DAC1801CE2810700D8B6F5 /* AppDelegate.swift in Sources */,
				D38812CB1CE667F900D702BA /* DetectionTableViewController.swift in Sources */,
				D38812C71CE6565800D702BA /* AccessoryViewController.swift in Sources */,
			);
			runOnlyForDeploymentPostprocessing = 0;
		};
/* End PBXSourcesBuildPhase section */

/* Begin PBXVariantGroup section */
		D3DAC1831CE2810700D8B6F5 /* Main.storyboard */ = {
			isa = PBXVariantGroup;
			children = (
				D3DAC1841CE2810700D8B6F5 /* Base */,
			);
			name = Main.storyboard;
			sourceTree = "<group>";
		};
		D3DAC1881CE2810700D8B6F5 /* LaunchScreen.storyboard */ = {
			isa = PBXVariantGroup;
			children = (
				D3DAC1891CE2810700D8B6F5 /* Base */,
			);
			name = LaunchScreen.storyboard;
			sourceTree = "<group>";
		};
/* End PBXVariantGroup section */

/* Begin XCBuildConfiguration section */
		D3DAC18C1CE2810700D8B6F5 /* Debug */ = {
			isa = XCBuildConfiguration;
			buildSettings = {
				ALWAYS_SEARCH_USER_PATHS = NO;
				CLANG_ANALYZER_NONNULL = YES;
				CLANG_CXX_LANGUAGE_STANDARD = "gnu++0x";
				CLANG_CXX_LIBRARY = "libc++";
				CLANG_ENABLE_MODULES = YES;
				CLANG_ENABLE_OBJC_ARC = YES;
				CLANG_WARN_BOOL_CONVERSION = YES;
				CLANG_WARN_CONSTANT_CONVERSION = YES;
				CLANG_WARN_DIRECT_OBJC_ISA_USAGE = YES_ERROR;
				CLANG_WARN_EMPTY_BODY = YES;
				CLANG_WARN_ENUM_CONVERSION = YES;
				CLANG_WARN_INT_CONVERSION = YES;
				CLANG_WARN_OBJC_ROOT_CLASS = YES_ERROR;
				CLANG_WARN_UNREACHABLE_CODE = YES;
				CLANG_WARN__DUPLICATE_METHOD_MATCH = YES;
				"CODE_SIGN_IDENTITY[sdk=iphoneos*]" = "iPhone Developer";
				COPY_PHASE_STRIP = NO;
				DEBUG_INFORMATION_FORMAT = dwarf;
				ENABLE_STRICT_OBJC_MSGSEND = YES;
				ENABLE_TESTABILITY = YES;
				GCC_C_LANGUAGE_STANDARD = gnu99;
				GCC_DYNAMIC_NO_PIC = NO;
				GCC_NO_COMMON_BLOCKS = YES;
				GCC_OPTIMIZATION_LEVEL = 0;
				GCC_PREPROCESSOR_DEFINITIONS = (
					"DEBUG=1",
					"$(inherited)",
				);
				GCC_WARN_64_TO_32_BIT_CONVERSION = YES;
				GCC_WARN_ABOUT_RETURN_TYPE = YES_ERROR;
				GCC_WARN_UNDECLARED_SELECTOR = YES;
				GCC_WARN_UNINITIALIZED_AUTOS = YES_AGGRESSIVE;
				GCC_WARN_UNUSED_FUNCTION = YES;
				GCC_WARN_UNUSED_VARIABLE = YES;
				IPHONEOS_DEPLOYMENT_TARGET = 9.3;
				MTL_ENABLE_DEBUG_INFO = YES;
				ONLY_ACTIVE_ARCH = YES;
				SDKROOT = iphoneos;
				SWIFT_OPTIMIZATION_LEVEL = "-Onone";
				TARGETED_DEVICE_FAMILY = "1,2";
			};
			name = Debug;
		};
		D3DAC18D1CE2810700D8B6F5 /* Release */ = {
			isa = XCBuildConfiguration;
			buildSettings = {
				ALWAYS_SEARCH_USER_PATHS = NO;
				CLANG_ANALYZER_NONNULL = YES;
				CLANG_CXX_LANGUAGE_STANDARD = "gnu++0x";
				CLANG_CXX_LIBRARY = "libc++";
				CLANG_ENABLE_MODULES = YES;
				CLANG_ENABLE_OBJC_ARC = YES;
				CLANG_WARN_BOOL_CONVERSION = YES;
				CLANG_WARN_CONSTANT_CONVERSION = YES;
				CLANG_WARN_DIRECT_OBJC_ISA_USAGE = YES_ERROR;
				CLANG_WARN_EMPTY_BODY = YES;
				CLANG_WARN_ENUM_CONVERSION = YES;
				CLANG_WARN_INT_CONVERSION = YES;
				CLANG_WARN_OBJC_ROOT_CLASS = YES_ERROR;
				CLANG_WARN_UNREACHABLE_CODE = YES;
				CLANG_WARN__DUPLICATE_METHOD_MATCH = YES;
				"CODE_SIGN_IDENTITY[sdk=iphoneos*]" = "iPhone Developer";
				COPY_PHASE_STRIP = NO;
				DEBUG_INFORMATION_FORMAT = "dwarf-with-dsym";
				ENABLE_NS_ASSERTIONS = NO;
				ENABLE_STRICT_OBJC_MSGSEND = YES;
				GCC_C_LANGUAGE_STANDARD = gnu99;
				GCC_NO_COMMON_BLOCKS = YES;
				GCC_WARN_64_TO_32_BIT_CONVERSION = YES;
				GCC_WARN_ABOUT_RETURN_TYPE = YES_ERROR;
				GCC_WARN_UNDECLARED_SELECTOR = YES;
				GCC_WARN_UNINITIALIZED_AUTOS = YES_AGGRESSIVE;
				GCC_WARN_UNUSED_FUNCTION = YES;
				GCC_WARN_UNUSED_VARIABLE = YES;
				IPHONEOS_DEPLOYMENT_TARGET = 9.3;
				MTL_ENABLE_DEBUG_INFO = NO;
				SDKROOT = iphoneos;
				TARGETED_DEVICE_FAMILY = "1,2";
				VALIDATE_PRODUCT = YES;
			};
			name = Release;
		};
		D3DAC18F1CE2810700D8B6F5 /* Debug */ = {
			isa = XCBuildConfiguration;
			buildSettings = {
				ASSETCATALOG_COMPILER_APPICON_NAME = AppIcon;
				INFOPLIST_FILE = "GPS Sample/Info.plist";
				LD_RUNPATH_SEARCH_PATHS = "$(inherited) @executable_path/Frameworks";
				PRODUCT_BUNDLE_IDENTIFIER = "com.bad-elf.GPS-Sample";
				PRODUCT_NAME = "$(TARGET_NAME)";
			};
			name = Debug;
		};
		D3DAC1901CE2810700D8B6F5 /* Release */ = {
			isa = XCBuildConfiguration;
			buildSettings = {
				ASSETCATALOG_COMPILER_APPICON_NAME = AppIcon;
				INFOPLIST_FILE = "GPS Sample/Info.plist";
				LD_RUNPATH_SEARCH_PATHS = "$(inherited) @executable_path/Frameworks";
				PRODUCT_BUNDLE_IDENTIFIER = "com.bad-elf.GPS-Sample";
				PRODUCT_NAME = "$(TARGET_NAME)";
			};
			name = Release;
		};
/* End XCBuildConfiguration section */

/* Begin XCConfigurationList section */
		D3DAC1771CE2810700D8B6F5 /* Build configuration list for PBXProject "GPS Sample" */ = {
			isa = XCConfigurationList;
			buildConfigurations = (
				D3DAC18C1CE2810700D8B6F5 /* Debug */,
				D3DAC18D1CE2810700D8B6F5 /* Release */,
			);
			defaultConfigurationIsVisible = 0;
			defaultConfigurationName = Release;
		};
		D3DAC18E1CE2810700D8B6F5 /* Build configuration list for PBXNativeTarget "GPS Sample" */ = {
			isa = XCConfigurationList;
			buildConfigurations = (
				D3DAC18F1CE2810700D8B6F5 /* Debug */,
				D3DAC1901CE2810700D8B6F5 /* Release */,
			);
			defaultConfigurationIsVisible = 0;
			defaultConfigurationName = Release;
		};
/* End XCConfigurationList section */
	};
	rootObject = D3DAC1741CE2810700D8B6F5 /* Project object */;
}
